
Microsoft Visual Studio Solution File, Format Version 11.00
# Visual Studio 2010
Project("{FAE04EC0-301F-11D3-BF4B-00C04F79EFBC}") = "FuncCatalogExtension", "FuncCatalogExtension\FuncCatalogExtension.csproj", "{DDD29532-1368-4344-AFFE-D722F33E1300}"
EndProject
Project("{FAE04EC0-301F-11D3-BF4B-00C04F79EFBC}") = "FuncCatalogExtension.TestApp", "FuncCatalogExtension.TestApp\FuncCatalogExtension.TestApp.csproj", "{D22119AE-F2BB-407C-8CAE-3A3F8B5BD16A}"
EndProject
Global
	GlobalSection(SolutionConfigurationPlatforms) = preSolution
		Debug|Any CPU = Debug|Any CPU
		Debug|Mixed Platforms = Debug|Mixed Platforms
		Debug|x86 = Debug|x86
		Release|Any CPU = Release|Any CPU
		Release|Mixed Platforms = Release|Mixed Platforms
		Release|x86 = Release|x86
	EndGlobalSection
	GlobalSection(ProjectConfigurationPlatforms) = postSolution
		{DDD29532-1368-4344-AFFE-D722F33E1300}.Debug|Any CPU.ActiveCfg = Debug|Any CPU
		{DDD29532-1368-4344-AFFE-D722F33E1300}.Debug|Any CPU.Build.0 = Debug|Any CPU
		{DDD29532-1368-4344-AFFE-D722F33E1300}.Debug|Mixed Platforms.ActiveCfg = Debug|Any CPU
		{DDD29532-1368-4344-AFFE-D722F33E1300}.Debug|Mixed Platforms.Build.0 = Debug|Any CPU
		{DDD29532-1368-4344-AFFE-D722F33E1300}.Debug|x86.ActiveCfg = Debug|Any CPU
		{DDD29532-1368-4344-AFFE-D722F33E1300}.Release|Any CPU.ActiveCfg = Release|Any CPU
		{DDD29532-1368-4344-AFFE-D722F33E1300}.Release|Any CPU.Build.0 = Release|Any CPU
		{DDD29532-1368-4344-AFFE-D722F33E1300}.Release|Mixed Platforms.ActiveCfg = Release|Any CPU
		{DDD29532-1368-4344-AFFE-D722F33E1300}.Release|Mixed Platforms.Build.0 = Release|Any CPU
		{DDD29532-1368-4344-AFFE-D722F33E1300}.Release|x86.ActiveCfg = Release|Any CPU
		{D22119AE-F2BB-407C-8CAE-3A3F8B5BD16A}.Debug|Any CPU.ActiveCfg = Debug|x86
		{D22119AE-F2BB-407C-8CAE-3A3F8B5BD16A}.Debug|Mixed Platforms.ActiveCfg = Debug|x86
		{D22119AE-F2BB-407C-8CAE-3A3F8B5BD16A}.Debug|Mixed Platforms.Build.0 = Debug|x86
		{D22119AE-F2BB-407C-8CAE-3A3F8B5BD16A}.Debug|x86.ActiveCfg = Debug|x86
		{D22119AE-F2BB-407C-8CAE-3A3F8B5BD16A}.Debug|x86.Build.0 = Debug|x86
		{D22119AE-F2BB-407C-8CAE-3A3F8B5BD16A}.Release|Any CPU.ActiveCfg = Release|x86
		{D22119AE-F2BB-407C-8CAE-3A3F8B5BD16A}.Release|Mixed Platforms.ActiveCfg = Release|x86
		{D22119AE-F2BB-407C-8CAE-3A3F8B5BD16A}.Release|Mixed Platforms.Build.0 = Release|x86
		{D22119AE-F2BB-407C-8CAE-3A3F8B5BD16A}.Release|x86.ActiveCfg = Release|x86
		{D22119AE-F2BB-407C-8CAE-3A3F8B5BD16A}.Release|x86.Build.0 = Release|x86
	EndGlobalSection
	GlobalSection(SolutionProperties) = preSolution
		HideSolutionNode = FALSE
	EndGlobalSection
EndGlobal
